
Microsoft Visual Studio Solution File, Format Version 12.00
# Visual Studio Version 17
VisualStudioVersion = 17.4.33213.308
MinimumVisualStudioVersion = 10.0.40219.1
Project("{FAE04EC0-301F-11D3-BF4B-00C04F79EFBC}") = "StockChartSample", "StockChartSample.csproj", "{59CA2AA6-996A-4169-AD09-17AB78B79E47}"
EndProject
Global
	GlobalSection(SolutionConfigurationPlatforms) = preSolution
		Debug|Any CPU = Debug|Any CPU
		Release|Any CPU = Release|Any CPU
	EndGlobalSection
	GlobalSection(ProjectConfigurationPlatforms) = postSolution
		{59CA2AA6-996A-4169-AD09-17AB78B79E47}.Debug|Any CPU.ActiveCfg = Debug|Any CPU
		{59CA2AA6-996A-4169-AD09-17AB78B79E47}.Debug|Any CPU.Build.0 = Debug|Any CPU
		{59CA2AA6-996A-4169-AD09-17AB78B79E47}.Release|Any CPU.ActiveCfg = Release|Any CPU
		{59CA2AA6-996A-4169-AD09-17AB78B79E47}.Release|Any CPU.Build.0 = Release|Any CPU
	EndGlobalSection
	GlobalSection(SolutionProperties) = preSolution
		HideSolutionNode = FALSE
	EndGlobalSection
	GlobalSection(ExtensibilityGlobals) = postSolution
		SolutionGuid = {38318763-2558-47B4-BBAD-3CF3E82C9570}
	EndGlobalSection
EndGlobal
